
Microsoft Visual Studio Solution File, Format Version 12.00
# Visual Studio Version 16
VisualStudioVersion = 16.0.31112.23
MinimumVisualStudioVersion = 10.0.40219.1
Project("{FAE04EC0-301F-11D3-BF4B-00C04F79EFBC}") = "test-app", "test-app\test-app.csproj", "{55832A73-0B93-4783-A152-2952499420C8}"
EndProject
Global
	GlobalSection(SolutionConfigurationPlatforms) = preSolution
		Debug|Any CPU = Debug|Any CPU
		Release|Any CPU = Release|Any CPU
	EndGlobalSection
	GlobalSection(ProjectConfigurationPlatforms) = postSolution
		{55832A73-0B93-4783-A152-2952499420C8}.Debug|Any CPU.ActiveCfg = Debug|Any CPU
		{55832A73-0B93-4783-A152-2952499420C8}.Debug|Any CPU.Build.0 = Debug|Any CPU
		{55832A73-0B93-4783-A152-2952499420C8}.Release|Any CPU.ActiveCfg = Release|Any CPU
		{55832A73-0B93-4783-A152-2952499420C8}.Release|Any CPU.Build.0 = Release|Any CPU
	EndGlobalSection
	GlobalSection(SolutionProperties) = preSolution
		HideSolutionNode = FALSE
	EndGlobalSection
	GlobalSection(ExtensibilityGlobals) = postSolution
		SolutionGuid = {9F91CEFE-1EB5-42BD-98F1-799670B8926E}
	EndGlobalSection
EndGlobal
